
Microsoft Visual Studio Solution File, Format Version 12.00
# Visual Studio 14
VisualStudioVersion = 14.0.25420.1
MinimumVisualStudioVersion = 10.0.40219.1
Project("{FAE04EC0-301F-11D3-BF4B-00C04F79EFBC}") = "Domain", "Domain\Domain.csproj", "{85A5A046-834C-442F-8B84-74F840E844D1}"
EndProject
Project("{FAE04EC0-301F-11D3-BF4B-00C04F79EFBC}") = "Persistance", "Persistance\Persistance.csproj", "{4A6BA3A8-86A0-45AB-9D89-BB5149ED8AD1}"
EndProject
Project("{FAE04EC0-301F-11D3-BF4B-00C04F79EFBC}") = "PatientManager.Contract", "Contract\PatientManager.Contract.csproj", "{EBDD1CE0-70A5-488F-97A1-43E947DABD7E}"
EndProject
Project("{FAE04EC0-301F-11D3-BF4B-00C04F79EFBC}") = "ApplicationServices", "ApplicationServices\ApplicationServices.csproj", "{01DB7062-B139-4727-A4DC-ACEC17446EFD}"
EndProject
Project("{FAE04EC0-301F-11D3-BF4B-00C04F79EFBC}") = "Infrastructure", "Infrastructure\Infrastructure.csproj", "{9A10DB3F-3633-4C51-B9CC-9EFB4D84D0CF}"
EndProject
Project("{54435603-DBB4-11D2-8724-00A0C9A8B90C}") = "PatientManagerSetup", "PatientManagerSetup\PatientManagerSetup.vdproj", "{05E46802-1D71-49E1-9154-9E7FFA2252CF}"
EndProject
Global
	GlobalSection(SolutionConfigurationPlatforms) = preSolution
		Ad-Hoc|Any CPU = Ad-Hoc|Any CPU
		Ad-Hoc|iPhone = Ad-Hoc|iPhone
		Ad-Hoc|iPhoneSimulator = Ad-Hoc|iPhoneSimulator
		AppStore|Any CPU = AppStore|Any CPU
		AppStore|iPhone = AppStore|iPhone
		AppStore|iPhoneSimulator = AppStore|iPhoneSimulator
		Debug|Any CPU = Debug|Any CPU
		Debug|iPhone = Debug|iPhone
		Debug|iPhoneSimulator = Debug|iPhoneSimulator
		Release|Any CPU = Release|Any CPU
		Release|iPhone = Release|iPhone
		Release|iPhoneSimulator = Release|iPhoneSimulator
	EndGlobalSection
	GlobalSection(ProjectConfigurationPlatforms) = postSolution
		{85A5A046-834C-442F-8B84-74F840E844D1}.Ad-Hoc|Any CPU.ActiveCfg = Release|Any CPU
		{85A5A046-834C-442F-8B84-74F840E844D1}.Ad-Hoc|Any CPU.Build.0 = Release|Any CPU
		{85A5A046-834C-442F-8B84-74F840E844D1}.Ad-Hoc|iPhone.ActiveCfg = Release|Any CPU
		{85A5A046-834C-442F-8B84-74F840E844D1}.Ad-Hoc|iPhone.Build.0 = Release|Any CPU
		{85A5A046-834C-442F-8B84-74F840E844D1}.Ad-Hoc|iPhoneSimulator.ActiveCfg = Release|Any CPU
		{85A5A046-834C-442F-8B84-74F840E844D1}.Ad-Hoc|iPhoneSimulator.Build.0 = Release|Any CPU
		{85A5A046-834C-442F-8B84-74F840E844D1}.AppStore|Any CPU.ActiveCfg = Release|Any CPU
		{85A5A046-834C-442F-8B84-74F840E844D1}.AppStore|Any CPU.Build.0 = Release|Any CPU
		{85A5A046-834C-442F-8B84-74F840E844D1}.AppStore|iPhone.ActiveCfg = Release|Any CPU
		{85A5A046-834C-442F-8B84-74F840E844D1}.AppStore|iPhone.Build.0 = Release|Any CPU
		{85A5A046-834C-442F-8B84-74F840E844D1}.AppStore|iPhoneSimulator.ActiveCfg = Release|Any CPU
		{85A5A046-834C-442F-8B84-74F840E844D1}.AppStore|iPhoneSimulator.Build.0 = Release|Any CPU
		{85A5A046-834C-442F-8B84-74F840E844D1}.Debug|Any CPU.ActiveCfg = Debug|Any CPU
		{85A5A046-834C-442F-8B84-74F840E844D1}.Debug|Any CPU.Build.0 = Debug|Any CPU
		{85A5A046-834C-442F-8B84-74F840E844D1}.Debug|iPhone.ActiveCfg = Debug|Any CPU
		{85A5A046-834C-442F-8B84-74F840E844D1}.Debug|iPhone.Build.0 = Debug|Any CPU
		{85A5A046-834C-442F-8B84-74F840E844D1}.Debug|iPhoneSimulator.ActiveCfg = Debug|Any CPU
		{85A5A046-834C-442F-8B84-74F840E844D1}.Debug|iPhoneSimulator.Build.0 = Debug|Any CPU
		{85A5A046-834C-442F-8B84-74F840E844D1}.Release|Any CPU.ActiveCfg = Release|Any CPU
		{85A5A046-834C-442F-8B84-74F840E844D1}.Release|Any CPU.Build.0 = Release|Any CPU
		{85A5A046-834C-442F-8B84-74F840E844D1}.Release|iPhone.ActiveCfg = Release|Any CPU
		{85A5A046-834C-442F-8B84-74F840E844D1}.Release|iPhone.Build.0 = Release|Any CPU
		{85A5A046-834C-442F-8B84-74F840E844D1}.Release|iPhoneSimulator.ActiveCfg = Release|Any CPU
		{85A5A046-834C-442F-8B84-74F840E844D1}.Release|iPhoneSimulator.Build.0 = Release|Any CPU
		{4A6BA3A8-86A0-45AB-9D89-BB5149ED8AD1}.Ad-Hoc|Any CPU.ActiveCfg = Release|Any CPU
		{4A6BA3A8-86A0-45AB-9D89-BB5149ED8AD1}.Ad-Hoc|Any CPU.Build.0 = Release|Any CPU
		{4A6BA3A8-86A0-45AB-9D89-BB5149ED8AD1}.Ad-Hoc|iPhone.ActiveCfg = Release|Any CPU
		{4A6BA3A8-86A0-45AB-9D89-BB5149ED8AD1}.Ad-Hoc|iPhone.Build.0 = Release|Any CPU
		{4A6BA3A8-86A0-45AB-9D89-BB5149ED8AD1}.Ad-Hoc|iPhoneSimulator.ActiveCfg = Release|Any CPU
		{4A6BA3A8-86A0-45AB-9D89-BB5149ED8AD1}.Ad-Hoc|iPhoneSimulator.Build.0 = Release|Any CPU
		{4A6BA3A8-86A0-45AB-9D89-BB5149ED8AD1}.AppStore|Any CPU.ActiveCfg = Release|Any CPU
		{4A6BA3A8-86A0-45AB-9D89-BB5149ED8AD1}.AppStore|Any CPU.Build.0 = Release|Any CPU
		{4A6BA3A8-86A0-45AB-9D89-BB5149ED8AD1}.AppStore|iPhone.ActiveCfg = Release|Any CPU
		{4A6BA3A8-86A0-45AB-9D89-BB5149ED8AD1}.AppStore|iPhone.Build.0 = Release|Any CPU
		{4A6BA3A8-86A0-45AB-9D89-BB5149ED8AD1}.AppStore|iPhoneSimulator.ActiveCfg = Release|Any CPU
		{4A6BA3A8-86A0-45AB-9D89-BB5149ED8AD1}.AppStore|iPhoneSimulator.Build.0 = Release|Any CPU
		{4A6BA3A8-86A0-45AB-9D89-BB5149ED8AD1}.Debug|Any CPU.ActiveCfg = Debug|Any CPU
		{4A6BA3A8-86A0-45AB-9D89-BB5149ED8AD1}.Debug|Any CPU.Build.0 = Debug|Any CPU
		{4A6BA3A8-86A0-45AB-9D89-BB5149ED8AD1}.Debug|iPhone.ActiveCfg = Debug|Any CPU
		{4A6BA3A8-86A0-45AB-9D89-BB5149ED8AD1}.Debug|iPhone.Build.0 = Debug|Any CPU
		{4A6BA3A8-86A0-45AB-9D89-BB5149ED8AD1}.Debug|iPhoneSimulator.ActiveCfg = Debug|Any CPU
		{4A6BA3A8-86A0-45AB-9D89-BB5149ED8AD1}.Debug|iPhoneSimulator.Build.0 = Debug|Any CPU
		{4A6BA3A8-86A0-45AB-9D89-BB5149ED8AD1}.Release|Any CPU.ActiveCfg = Release|Any CPU
		{4A6BA3A8-86A0-45AB-9D89-BB5149ED8AD1}.Release|Any CPU.Build.0 = Release|Any CPU
		{4A6BA3A8-86A0-45AB-9D89-BB5149ED8AD1}.Release|iPhone.ActiveCfg = Release|Any CPU
		{4A6BA3A8-86A0-45AB-9D89-BB5149ED8AD1}.Release|iPhone.Build.0 = Release|Any CPU
		{4A6BA3A8-86A0-45AB-9D89-BB5149ED8AD1}.Release|iPhoneSimulator.ActiveCfg = Release|Any CPU
		{4A6BA3A8-86A0-45AB-9D89-BB5149ED8AD1}.Release|iPhoneSimulator.Build.0 = Release|Any CPU
		{EBDD1CE0-70A5-488F-97A1-43E947DABD7E}.Ad-Hoc|Any CPU.ActiveCfg = Release|Any CPU
		{EBDD1CE0-70A5-488F-97A1-43E947DABD7E}.Ad-Hoc|Any CPU.Build.0 = Release|Any CPU
		{EBDD1CE0-70A5-488F-97A1-43E947DABD7E}.Ad-Hoc|iPhone.ActiveCfg = Release|Any CPU
		{EBDD1CE0-70A5-488F-97A1-43E947DABD7E}.Ad-Hoc|iPhone.Build.0 = Release|Any CPU
		{EBDD1CE0-70A5-488F-97A1-43E947DABD7E}.Ad-Hoc|iPhoneSimulator.ActiveCfg = Release|Any CPU
		{EBDD1CE0-70A5-488F-97A1-43E947DABD7E}.Ad-Hoc|iPhoneSimulator.Build.0 = Release|Any CPU
		{EBDD1CE0-70A5-488F-97A1-43E947DABD7E}.AppStore|Any CPU.ActiveCfg = Release|Any CPU
		{EBDD1CE0-70A5-488F-97A1-43E947DABD7E}.AppStore|Any CPU.Build.0 = Release|Any CPU
		{EBDD1CE0-70A5-488F-97A1-43E947DABD7E}.AppStore|iPhone.ActiveCfg = Release|Any CPU
		{EBDD1CE0-70A5-488F-97A1-43E947DABD7E}.AppStore|iPhone.Build.0 = Release|Any CPU
		{EBDD1CE0-70A5-488F-97A1-43E947DABD7E}.AppStore|iPhoneSimulator.ActiveCfg = Release|Any CPU
		{EBDD1CE0-70A5-488F-97A1-43E947DABD7E}.AppStore|iPhoneSimulator.Build.0 = Release|Any CPU
		{EBDD1CE0-70A5-488F-97A1-43E947DABD7E}.Debug|Any CPU.ActiveCfg = Debug|Any CPU
		{EBDD1CE0-70A5-488F-97A1-43E947DABD7E}.Debug|Any CPU.Build.0 = Debug|Any CPU
		{EBDD1CE0-70A5-488F-97A1-43E947DABD7E}.Debug|iPhone.ActiveCfg = Debug|Any CPU
		{EBDD1CE0-70A5-488F-97A1-43E947DABD7E}.Debug|iPhone.Build.0 = Debug|Any CPU
		{EBDD1CE0-70A5-488F-97A1-43E947DABD7E}.Debug|iPhoneSimulator.ActiveCfg = Debug|Any CPU
		{EBDD1CE0-70A5-488F-97A1-43E947DABD7E}.Debug|iPhoneSimulator.Build.0 = Debug|Any CPU
		{EBDD1CE0-70A5-488F-97A1-43E947DABD7E}.Release|Any CPU.ActiveCfg = Release|Any CPU
		{EBDD1CE0-70A5-488F-97A1-43E947DABD7E}.Release|Any CPU.Build.0 = Release|Any CPU
		{EBDD1CE0-70A5-488F-97A1-43E947DABD7E}.Release|iPhone.ActiveCfg = Release|Any CPU
		{EBDD1CE0-70A5-488F-97A1-43E947DABD7E}.Release|iPhone.Build.0 = Release|Any CPU
		{EBDD1CE0-70A5-488F-97A1-43E947DABD7E}.Release|iPhoneSimulator.ActiveCfg = Release|Any CPU
		{EBDD1CE0-70A5-488F-97A1-43E947DABD7E}.Release|iPhoneSimulator.Build.0 = Release|Any CPU
		{01DB7062-B139-4727-A4DC-ACEC17446EFD}.Ad-Hoc|Any CPU.ActiveCfg = Release|Any CPU
		{01DB7062-B139-4727-A4DC-ACEC17446EFD}.Ad-Hoc|Any CPU.Build.0 = Release|Any CPU
		{01DB7062-B139-4727-A4DC-ACEC17446EFD}.Ad-Hoc|iPhone.ActiveCfg = Release|Any CPU
		{01DB7062-B139-4727-A4DC-ACEC17446EFD}.Ad-Hoc|iPhone.Build.0 = Release|Any CPU
		{01DB7062-B139-4727-A4DC-ACEC17446EFD}.Ad-Hoc|iPhoneSimulator.ActiveCfg = Release|Any CPU
		{01DB7062-B139-4727-A4DC-ACEC17446EFD}.Ad-Hoc|iPhoneSimulator.Build.0 = Release|Any CPU
		{01DB7062-B139-4727-A4DC-ACEC17446EFD}.AppStore|Any CPU.ActiveCfg = Release|Any CPU
		{01DB7062-B139-4727-A4DC-ACEC17446EFD}.AppStore|Any CPU.Build.0 = Release|Any CPU
		{01DB7062-B139-4727-A4DC-ACEC17446EFD}.AppStore|iPhone.ActiveCfg = Release|Any CPU
		{01DB7062-B139-4727-A4DC-ACEC17446EFD}.AppStore|iPhone.Build.0 = Release|Any CPU
		{01DB7062-B139-4727-A4DC-ACEC17446EFD}.AppStore|iPhoneSimulator.ActiveCfg = Release|Any CPU
		{01DB7062-B139-4727-A4DC-ACEC17446EFD}.AppStore|iPhoneSimulator.Build.0 = Release|Any CPU
		{01DB7062-B139-4727-A4DC-ACEC17446EFD}.Debug|Any CPU.ActiveCfg = Debug|Any CPU
		{01DB7062-B139-4727-A4DC-ACEC17446EFD}.Debug|Any CPU.Build.0 = Debug|Any CPU
		{01DB7062-B139-4727-A4DC-ACEC17446EFD}.Debug|iPhone.ActiveCfg = Debug|Any CPU
		{01DB7062-B139-4727-A4DC-ACEC17446EFD}.Debug|iPhone.Build.0 = Debug|Any CPU
		{01DB7062-B139-4727-A4DC-ACEC17446EFD}.Debug|iPhoneSimulator.ActiveCfg = Debug|Any CPU
		{01DB7062-B139-4727-A4DC-ACEC17446EFD}.Debug|iPhoneSimulator.Build.0 = Debug|Any CPU
		{01DB7062-B139-4727-A4DC-ACEC17446EFD}.Release|Any CPU.ActiveCfg = Release|Any CPU
		{01DB7062-B139-4727-A4DC-ACEC17446EFD}.Release|Any CPU.Build.0 = Release|Any CPU
		{01DB7062-B139-4727-A4DC-ACEC17446EFD}.Release|iPhone.ActiveCfg = Release|Any CPU
		{01DB7062-B139-4727-A4DC-ACEC17446EFD}.Release|iPhone.Build.0 = Release|Any CPU
		{01DB7062-B139-4727-A4DC-ACEC17446EFD}.Release|iPhoneSimulator.ActiveCfg = Release|Any CPU
		{01DB7062-B139-4727-A4DC-ACEC17446EFD}.Release|iPhoneSimulator.Build.0 = Release|Any CPU
		{9A10DB3F-3633-4C51-B9CC-9EFB4D84D0CF}.Ad-Hoc|Any CPU.ActiveCfg = Release|Any CPU
		{9A10DB3F-3633-4C51-B9CC-9EFB4D84D0CF}.Ad-Hoc|Any CPU.Build.0 = Release|Any CPU
		{9A10DB3F-3633-4C51-B9CC-9EFB4D84D0CF}.Ad-Hoc|iPhone.ActiveCfg = Release|Any CPU
		{9A10DB3F-3633-4C51-B9CC-9EFB4D84D0CF}.Ad-Hoc|iPhone.Build.0 = Release|Any CPU
		{9A10DB3F-3633-4C51-B9CC-9EFB4D84D0CF}.Ad-Hoc|iPhoneSimulator.ActiveCfg = Release|Any CPU
		{9A10DB3F-3633-4C51-B9CC-9EFB4D84D0CF}.Ad-Hoc|iPhoneSimulator.Build.0 = Release|Any CPU
		{9A10DB3F-3633-4C51-B9CC-9EFB4D84D0CF}.AppStore|Any CPU.ActiveCfg = Release|Any CPU
		{9A10DB3F-3633-4C51-B9CC-9EFB4D84D0CF}.AppStore|Any CPU.Build.0 = Release|Any CPU
		{9A10DB3F-3633-4C51-B9CC-9EFB4D84D0CF}.AppStore|iPhone.ActiveCfg = Release|Any CPU
		{9A10DB3F-3633-4C51-B9CC-9EFB4D84D0CF}.AppStore|iPhone.Build.0 = Release|Any CPU
		{9A10DB3F-3633-4C51-B9CC-9EFB4D84D0CF}.AppStore|iPhoneSimulator.ActiveCfg = Release|Any CPU
		{9A10DB3F-3633-4C51-B9CC-9EFB4D84D0CF}.AppStore|iPhoneSimulator.Build.0 = Release|Any CPU
		{9A10DB3F-3633-4C51-B9CC-9EFB4D84D0CF}.Debug|Any CPU.ActiveCfg = Debug|Any CPU
		{9A10DB3F-3633-4C51-B9CC-9EFB4D84D0CF}.Debug|Any CPU.Build.0 = Debug|Any CPU
		{9A10DB3F-3633-4C51-B9CC-9EFB4D84D0CF}.Debug|iPhone.ActiveCfg = Debug|Any CPU
		{9A10DB3F-3633-4C51-B9CC-9EFB4D84D0CF}.Debug|iPhone.Build.0 = Debug|Any CPU
		{9A10DB3F-3633-4C51-B9CC-9EFB4D84D0CF}.Debug|iPhoneSimulator.ActiveCfg = Debug|Any CPU
		{9A10DB3F-3633-4C51-B9CC-9EFB4D84D0CF}.Debug|iPhoneSimulator.Build.0 = Debug|Any CPU
		{9A10DB3F-3633-4C51-B9CC-9EFB4D84D0CF}.Release|Any CPU.ActiveCfg = Release|Any CPU
		{9A10DB3F-3633-4C51-B9CC-9EFB4D84D0CF}.Release|Any CPU.Build.0 = Release|Any CPU
		{9A10DB3F-3633-4C51-B9CC-9EFB4D84D0CF}.Release|iPhone.ActiveCfg = Release|Any CPU
		{9A10DB3F-3633-4C51-B9CC-9EFB4D84D0CF}.Release|iPhone.Build.0 = Release|Any CPU
		{9A10DB3F-3633-4C51-B9CC-9EFB4D84D0CF}.Release|iPhoneSimulator.ActiveCfg = Release|Any CPU
		{9A10DB3F-3633-4C51-B9CC-9EFB4D84D0CF}.Release|iPhoneSimulator.Build.0 = Release|Any CPU
		{05E46802-1D71-49E1-9154-9E7FFA2252CF}.Ad-Hoc|Any CPU.ActiveCfg = Release
		{05E46802-1D71-49E1-9154-9E7FFA2252CF}.Ad-Hoc|iPhone.ActiveCfg = Release
		{05E46802-1D71-49E1-9154-9E7FFA2252CF}.Ad-Hoc|iPhoneSimulator.ActiveCfg = Release
		{05E46802-1D71-49E1-9154-9E7FFA2252CF}.AppStore|Any CPU.ActiveCfg = Release
		{05E46802-1D71-49E1-9154-9E7FFA2252CF}.AppStore|iPhone.ActiveCfg = Release
		{05E46802-1D71-49E1-9154-9E7FFA2252CF}.AppStore|iPhoneSimulator.ActiveCfg = Release
		{05E46802-1D71-49E1-9154-9E7FFA2252CF}.Debug|Any CPU.ActiveCfg = Debug
		{05E46802-1D71-49E1-9154-9E7FFA2252CF}.Debug|iPhone.ActiveCfg = Debug
		{05E46802-1D71-49E1-9154-9E7FFA2252CF}.Debug|iPhoneSimulator.ActiveCfg = Debug
		{05E46802-1D71-49E1-9154-9E7FFA2252CF}.Release|Any CPU.ActiveCfg = Release
		{05E46802-1D71-49E1-9154-9E7FFA2252CF}.Release|iPhone.ActiveCfg = Release
		{05E46802-1D71-49E1-9154-9E7FFA2252CF}.Release|iPhoneSimulator.ActiveCfg = Release
	EndGlobalSection
	GlobalSection(SolutionProperties) = preSolution
		HideSolutionNode = FALSE
	EndGlobalSection
EndGlobal
